
Microsoft Visual Studio Solution File, Format Version 12.00
# Visual Studio Version 17
VisualStudioVersion = 17.6.33829.357
MinimumVisualStudioVersion = 10.0.40219.1
Project("{FAE04EC0-301F-11D3-BF4B-00C04F79EFBC}") = "ConversorPdf", "ConversorPdf.csproj", "{9EE0A9ED-11B0-4393-9053-7FD57151B42E}"
EndProject
Global
	GlobalSection(SolutionConfigurationPlatforms) = preSolution
		Debug|Any CPU = Debug|Any CPU
		Release|Any CPU = Release|Any CPU
	EndGlobalSection
	GlobalSection(ProjectConfigurationPlatforms) = postSolution
		{9EE0A9ED-11B0-4393-9053-7FD57151B42E}.Debug|Any CPU.ActiveCfg = Debug|Any CPU
		{9EE0A9ED-11B0-4393-9053-7FD57151B42E}.Debug|Any CPU.Build.0 = Debug|Any CPU
		{9EE0A9ED-11B0-4393-9053-7FD57151B42E}.Release|Any CPU.ActiveCfg = Release|Any CPU
		{9EE0A9ED-11B0-4393-9053-7FD57151B42E}.Release|Any CPU.Build.0 = Release|Any CPU
	EndGlobalSection
	GlobalSection(SolutionProperties) = preSolution
		HideSolutionNode = FALSE
	EndGlobalSection
	GlobalSection(ExtensibilityGlobals) = postSolution
		SolutionGuid = {AE0F2FCD-884B-4598-B00A-11F1DD9FD813}
	EndGlobalSection
EndGlobal
